
Microsoft Visual Studio Solution File, Format Version 12.00
# Visual Studio Version 16
VisualStudioVersion = 16.0.31313.79
MinimumVisualStudioVersion = 10.0.40219.1
Project("{9A19103F-16F7-4668-BE54-9A1E7A4F7556}") = "UnitTest", "UnitTest\UnitTest.csproj", "{CEDBE51D-3D93-4FC9-81B1-0A76CB68F4AC}"
EndProject
Project("{00D1A9C2-B5F0-4AF3-8072-F6C62B433612}") = "StudyBuddyDB", "StudyBuddyDB\StudyBuddyDB.sqlproj", "{01528622-F60D-41EB-B19D-E6C5E073C7D0}"
EndProject
Project("{9A19103F-16F7-4668-BE54-9A1E7A4F7556}") = "StudyBuddyAPI", "StudyBuddyAPI\StudyBuddyAPI.csproj", "{14B2D4EB-9506-4E8F-A77B-5982280C1DC3}"
EndProject
Project("{E24C65DC-7377-472B-9ABA-BC803B73C61A}") = "Front-end(1)", "..\Front-end\", "{BF2553B6-2E39-42A9-B64D-57CA3C978B21}"
	ProjectSection(WebsiteProperties) = preProject
		TargetFrameworkMoniker = ".NETFramework,Version%3Dv4.0"
		Debug.AspNetCompiler.VirtualPath = "/localhost_1062"
		Debug.AspNetCompiler.PhysicalPath = "..\Front-end\"
		Debug.AspNetCompiler.TargetPath = "PrecompiledWeb\localhost_1062\"
		Debug.AspNetCompiler.Updateable = "true"
		Debug.AspNetCompiler.ForceOverwrite = "true"
		Debug.AspNetCompiler.FixedNames = "false"
		Debug.AspNetCompiler.Debug = "True"
		Release.AspNetCompiler.VirtualPath = "/localhost_1062"
		Release.AspNetCompiler.PhysicalPath = "..\Front-end\"
		Release.AspNetCompiler.TargetPath = "PrecompiledWeb\localhost_1062\"
		Release.AspNetCompiler.Updateable = "true"
		Release.AspNetCompiler.ForceOverwrite = "true"
		Release.AspNetCompiler.FixedNames = "false"
		Release.AspNetCompiler.Debug = "False"
		VWDPort = "1062"
		SlnRelativePath = "..\Front-end\"
	EndProjectSection
EndProject
Global
	GlobalSection(SolutionConfigurationPlatforms) = preSolution
		Debug|Any CPU = Debug|Any CPU
		Release|Any CPU = Release|Any CPU
	EndGlobalSection
	GlobalSection(ProjectConfigurationPlatforms) = postSolution
		{CEDBE51D-3D93-4FC9-81B1-0A76CB68F4AC}.Debug|Any CPU.ActiveCfg = Debug|Any CPU
		{CEDBE51D-3D93-4FC9-81B1-0A76CB68F4AC}.Debug|Any CPU.Build.0 = Debug|Any CPU
		{CEDBE51D-3D93-4FC9-81B1-0A76CB68F4AC}.Release|Any CPU.ActiveCfg = Release|Any CPU
		{CEDBE51D-3D93-4FC9-81B1-0A76CB68F4AC}.Release|Any CPU.Build.0 = Release|Any CPU
		{01528622-F60D-41EB-B19D-E6C5E073C7D0}.Debug|Any CPU.ActiveCfg = Debug|Any CPU
		{01528622-F60D-41EB-B19D-E6C5E073C7D0}.Debug|Any CPU.Build.0 = Debug|Any CPU
		{01528622-F60D-41EB-B19D-E6C5E073C7D0}.Debug|Any CPU.Deploy.0 = Debug|Any CPU
		{01528622-F60D-41EB-B19D-E6C5E073C7D0}.Release|Any CPU.ActiveCfg = Release|Any CPU
		{01528622-F60D-41EB-B19D-E6C5E073C7D0}.Release|Any CPU.Build.0 = Release|Any CPU
		{01528622-F60D-41EB-B19D-E6C5E073C7D0}.Release|Any CPU.Deploy.0 = Release|Any CPU
		{14B2D4EB-9506-4E8F-A77B-5982280C1DC3}.Debug|Any CPU.ActiveCfg = Debug|Any CPU
		{14B2D4EB-9506-4E8F-A77B-5982280C1DC3}.Debug|Any CPU.Build.0 = Debug|Any CPU
		{14B2D4EB-9506-4E8F-A77B-5982280C1DC3}.Release|Any CPU.ActiveCfg = Release|Any CPU
		{14B2D4EB-9506-4E8F-A77B-5982280C1DC3}.Release|Any CPU.Build.0 = Release|Any CPU
		{BF2553B6-2E39-42A9-B64D-57CA3C978B21}.Debug|Any CPU.ActiveCfg = Debug|Any CPU
		{BF2553B6-2E39-42A9-B64D-57CA3C978B21}.Debug|Any CPU.Build.0 = Debug|Any CPU
		{BF2553B6-2E39-42A9-B64D-57CA3C978B21}.Release|Any CPU.ActiveCfg = Debug|Any CPU
		{BF2553B6-2E39-42A9-B64D-57CA3C978B21}.Release|Any CPU.Build.0 = Debug|Any CPU
	EndGlobalSection
	GlobalSection(SolutionProperties) = preSolution
		HideSolutionNode = FALSE
	EndGlobalSection
	GlobalSection(ExtensibilityGlobals) = postSolution
		SolutionGuid = {2ACA0F40-E1AA-45D3-8BE7-8727F932D381}
	EndGlobalSection
EndGlobal
